// !$*UTF8*$!
{
	archiveVersion = 1;
	classes = {
	};
	objectVersion = 50;
	objects = {

/* Begin PBXBuildFile section */
		53376B8E289A756A00FB8AF2 /* LabelProtocol.swift in Sources */ = {isa = PBXBuildFile; fileRef = 53376B8D289A756A00FB8AF2 /* LabelProtocol.swift */; };
		53376B94289A7A2600FB8AF2 /* BarsProtocol.swift in Sources */ = {isa = PBXBuildFile; fileRef = 53376B93289A7A2600FB8AF2 /* BarsProtocol.swift */; };
		533AD8422897D99A00843547 /* magnifika.otf in Resources */ = {isa = PBXBuildFile; fileRef = 533AD8412897D99A00843547 /* magnifika.otf */; };
		533AD8482897D9B100843547 /* StayALive.otf in Resources */ = {isa = PBXBuildFile; fileRef = 533AD8462897D9B100843547 /* StayALive.otf */; };
		533AD84C2897D9D200843547 /* Main.storyboard in Resources */ = {isa = PBXBuildFile; fileRef = 533AD84B2897D9D200843547 /* Main.storyboard */; };
		533AD8502897D9EE00843547 /* SceneDelegate.swift in Sources */ = {isa = PBXBuildFile; fileRef = 533AD84F2897D9EE00843547 /* SceneDelegate.swift */; };
		533AD8582897DA1A00843547 /* MySecondViewController.swift in Sources */ = {isa = PBXBuildFile; fileRef = 533AD8572897DA1900843547 /* MySecondViewController.swift */; };
		533AD8612897DA4100843547 /* ThirdVC.swift in Sources */ = {isa = PBXBuildFile; fileRef = 533AD8602897DA4100843547 /* ThirdVC.swift */; };
		533AD8672897DA5900843547 /* ThirdScreen.storyboard in Resources */ = {isa = PBXBuildFile; fileRef = 533AD8662897DA5900843547 /* ThirdScreen.storyboard */; };
		533AD8702897DAB300843547 /* LaunchScreen.storyboard in Resources */ = {isa = PBXBuildFile; fileRef = 533AD86F2897DAB300843547 /* LaunchScreen.storyboard */; };
		533AD8792897DF0F00843547 /* ViewController.swift in Sources */ = {isa = PBXBuildFile; fileRef = 533AD8782897DF0E00843547 /* ViewController.swift */; };
		53403B8228901F56003AE836 /* AppDelegate.swift in Sources */ = {isa = PBXBuildFile; fileRef = 53403B8128901F56003AE836 /* AppDelegate.swift */; };
		53403B8B28901F59003AE836 /* Assets.xcassets in Resources */ = {isa = PBXBuildFile; fileRef = 53403B8A28901F59003AE836 /* Assets.xcassets */; };
		539596E12898017B009D0255 /* TabBarStorybord.storyboard in Resources */ = {isa = PBXBuildFile; fileRef = 539596E02898017B009D0255 /* TabBarStorybord.storyboard */; };
		539596E728980F19009D0255 /* OrangeVC.swift in Sources */ = {isa = PBXBuildFile; fileRef = 539596E628980F19009D0255 /* OrangeVC.swift */; };
		539596EC28980F59009D0255 /* PurpleVC.swift in Sources */ = {isa = PBXBuildFile; fileRef = 539596EB28980F59009D0255 /* PurpleVC.swift */; };
		539596EF28980F92009D0255 /* BlueVC.swift in Sources */ = {isa = PBXBuildFile; fileRef = 539596EE28980F92009D0255 /* BlueVC.swift */; };
		539596F228981070009D0255 /* GreenVC.swift in Sources */ = {isa = PBXBuildFile; fileRef = 539596F128981070009D0255 /* GreenVC.swift */; };
		53E413C2289178D600953A5F /* StayALiveAlt1.otf in Resources */ = {isa = PBXBuildFile; fileRef = 53E413C1289178D600953A5F /* StayALiveAlt1.otf */; };
		53E8A44C28929E3D0023C0EC /* bcgrng.jpg in Resources */ = {isa = PBXBuildFile; fileRef = 53E8A44B28929E3D0023C0EC /* bcgrng.jpg */; };
/* End PBXBuildFile section */

/* Begin PBXFileReference section */
		53376B8D289A756A00FB8AF2 /* LabelProtocol.swift */ = {isa = PBXFileReference; lastKnownFileType = sourcecode.swift; path = LabelProtocol.swift; sourceTree = "<group>"; };
		53376B93289A7A2600FB8AF2 /* BarsProtocol.swift */ = {isa = PBXFileReference; lastKnownFileType = sourcecode.swift; path = BarsProtocol.swift; sourceTree = "<group>"; };
		533AD8412897D99A00843547 /* magnifika.otf */ = {isa = PBXFileReference; lastKnownFileType = file; path = magnifika.otf; sourceTree = "<group>"; };
		533AD8462897D9B100843547 /* StayALive.otf */ = {isa = PBXFileReference; lastKnownFileType = file; path = StayALive.otf; sourceTree = "<group>"; };
		533AD84B2897D9D200843547 /* Main.storyboard */ = {isa = PBXFileReference; fileEncoding = 4; lastKnownFileType = file.storyboard; path = Main.storyboard; sourceTree = "<group>"; };
		533AD84F2897D9EE00843547 /* SceneDelegate.swift */ = {isa = PBXFileReference; fileEncoding = 4; lastKnownFileType = sourcecode.swift; path = SceneDelegate.swift; sourceTree = "<group>"; };
		533AD8572897DA1900843547 /* MySecondViewController.swift */ = {isa = PBXFileReference; fileEncoding = 4; lastKnownFileType = sourcecode.swift; path = MySecondViewController.swift; sourceTree = "<group>"; };
		533AD8602897DA4100843547 /* ThirdVC.swift */ = {isa = PBXFileReference; fileEncoding = 4; lastKnownFileType = sourcecode.swift; path = ThirdVC.swift; sourceTree = "<group>"; };
		533AD8662897DA5900843547 /* ThirdScreen.storyboard */ = {isa = PBXFileReference; fileEncoding = 4; lastKnownFileType = file.storyboard; path = ThirdScreen.storyboard; sourceTree = "<group>"; };
		533AD86F2897DAB300843547 /* LaunchScreen.storyboard */ = {isa = PBXFileReference; fileEncoding = 4; lastKnownFileType = file.storyboard; path = LaunchScreen.storyboard; sourceTree = "<group>"; };
		533AD8782897DF0E00843547 /* ViewController.swift */ = {isa = PBXFileReference; fileEncoding = 4; lastKnownFileType = sourcecode.swift; path = ViewController.swift; sourceTree = "<group>"; };
		53403B7E28901F56003AE836 /* Training Project.app */ = {isa = PBXFileReference; explicitFileType = wrapper.application; includeInIndex = 0; path = "Training Project.app"; sourceTree = BUILT_PRODUCTS_DIR; };
		53403B8128901F56003AE836 /* AppDelegate.swift */ = {isa = PBXFileReference; lastKnownFileType = sourcecode.swift; path = AppDelegate.swift; sourceTree = "<group>"; };
		53403B8A28901F59003AE836 /* Assets.xcassets */ = {isa = PBXFileReference; lastKnownFileType = folder.assetcatalog; path = Assets.xcassets; sourceTree = "<group>"; };
		53403B8F28901F59003AE836 /* Info.plist */ = {isa = PBXFileReference; lastKnownFileType = text.plist.xml; path = Info.plist; sourceTree = "<group>"; };
		539596E02898017B009D0255 /* TabBarStorybord.storyboard */ = {isa = PBXFileReference; lastKnownFileType = file.storyboard; path = TabBarStorybord.storyboard; sourceTree = "<group>"; };
		539596E628980F19009D0255 /* OrangeVC.swift */ = {isa = PBXFileReference; lastKnownFileType = sourcecode.swift; path = OrangeVC.swift; sourceTree = "<group>"; };
		539596EB28980F59009D0255 /* PurpleVC.swift */ = {isa = PBXFileReference; lastKnownFileType = sourcecode.swift; path = PurpleVC.swift; sourceTree = "<group>"; };
		539596EE28980F92009D0255 /* BlueVC.swift */ = {isa = PBXFileReference; lastKnownFileType = sourcecode.swift; path = BlueVC.swift; sourceTree = "<group>"; };
		539596F128981070009D0255 /* GreenVC.swift */ = {isa = PBXFileReference; lastKnownFileType = sourcecode.swift; path = GreenVC.swift; sourceTree = "<group>"; };
		53E413C1289178D600953A5F /* StayALiveAlt1.otf */ = {isa = PBXFileReference; lastKnownFileType = file; path = StayALiveAlt1.otf; sourceTree = "<group>"; };
		53E8A44B28929E3D0023C0EC /* bcgrng.jpg */ = {isa = PBXFileReference; lastKnownFileType = image.jpeg; path = bcgrng.jpg; sourceTree = "<group>"; };
/* End PBXFileReference section */

/* Begin PBXFrameworksBuildPhase section */
		53403B7B28901F56003AE836 /* Frameworks */ = {
			isa = PBXFrameworksBuildPhase;
			buildActionMask = 2147483647;
			files = (
			);
			runOnlyForDeploymentPostprocessing = 0;
		};
/* End PBXFrameworksBuildPhase section */

/* Begin PBXGroup section */
		53220D2D28929E9E00CA9D06 /* Picture */ = {
			isa = PBXGroup;
			children = (
				53E8A44B28929E3D0023C0EC /* bcgrng.jpg */,
			);
			path = Picture;
			sourceTree = "<group>";
		};
		53376B91289A799800FB8AF2 /* Protocols */ = {
			isa = PBXGroup;
			children = (
				53376B8D289A756A00FB8AF2 /* LabelProtocol.swift */,
				53376B93289A7A2600FB8AF2 /* BarsProtocol.swift */,
			);
			name = Protocols;
			sourceTree = "<group>";
		};
		53376B92289A79B600FB8AF2 /* ViewControllers */ = {
			isa = PBXGroup;
			children = (
				539596EE28980F92009D0255 /* BlueVC.swift */,
				539596F128981070009D0255 /* GreenVC.swift */,
				533AD8572897DA1900843547 /* MySecondViewController.swift */,
				539596E628980F19009D0255 /* OrangeVC.swift */,
				539596EB28980F59009D0255 /* PurpleVC.swift */,
				533AD8602897DA4100843547 /* ThirdVC.swift */,
				533AD8782897DF0E00843547 /* ViewController.swift */,
			);
			path = ViewControllers;
			sourceTree = "<group>";
		};
		53403B7528901F56003AE836 = {
			isa = PBXGroup;
			children = (
				53403B8028901F56003AE836 /* Training Project */,
				53403B7F28901F56003AE836 /* Products */,
			);
			sourceTree = "<group>";
		};
		53403B7F28901F56003AE836 /* Products */ = {
			isa = PBXGroup;
			children = (
				53403B7E28901F56003AE836 /* Training Project.app */,
			);
			name = Products;
			sourceTree = "<group>";
		};
		53403B8028901F56003AE836 /* Training Project */ = {
			isa = PBXGroup;
			children = (
				53403B8F28901F59003AE836 /* Info.plist */,
				533AD86F2897DAB300843547 /* LaunchScreen.storyboard */,
				533AD84B2897D9D200843547 /* Main.storyboard */,
				539596E02898017B009D0255 /* TabBarStorybord.storyboard */,
				533AD8662897DA5900843547 /* ThirdScreen.storyboard */,
				53403B8128901F56003AE836 /* AppDelegate.swift */,
				533AD84F2897D9EE00843547 /* SceneDelegate.swift */,
				53403B8A28901F59003AE836 /* Assets.xcassets */,
				53E413B92891774500953A5F /* Fonts */,
				53220D2D28929E9E00CA9D06 /* Picture */,
				53376B91289A799800FB8AF2 /* Protocols */,
				53376B92289A79B600FB8AF2 /* ViewControllers */,
			);
			path = "Training Project";
			sourceTree = "<group>";
		};
		53E413B92891774500953A5F /* Fonts */ = {
			isa = PBXGroup;
			children = (
				533AD8412897D99A00843547 /* magnifika.otf */,
				533AD8462897D9B100843547 /* StayALive.otf */,
				53E413C1289178D600953A5F /* StayALiveAlt1.otf */,
			);
			path = Fonts;
			sourceTree = "<group>";
		};
/* End PBXGroup section */

/* Begin PBXNativeTarget section */
		53403B7D28901F56003AE836 /* Training Project */ = {
			isa = PBXNativeTarget;
			buildConfigurationList = 53403B9228901F59003AE836 /* Build configuration list for PBXNativeTarget "Training Project" */;
			buildPhases = (
				53403B7A28901F56003AE836 /* Sources */,
				53403B7B28901F56003AE836 /* Frameworks */,
				53403B7C28901F56003AE836 /* Resources */,
			);
			buildRules = (
			);
			dependencies = (
			);
			name = "Training Project";
			productName = "Training Project";
			productReference = 53403B7E28901F56003AE836 /* Training Project.app */;
			productType = "com.apple.product-type.application";
		};
/* End PBXNativeTarget section */

/* Begin PBXProject section */
		53403B7628901F56003AE836 /* Project object */ = {
			isa = PBXProject;
			attributes = {
				LastSwiftUpdateCheck = 1240;
				LastUpgradeCheck = 1240;
				TargetAttributes = {
					53403B7D28901F56003AE836 = {
						CreatedOnToolsVersion = 12.4;
					};
				};
			};
			buildConfigurationList = 53403B7928901F56003AE836 /* Build configuration list for PBXProject "Training Project" */;
			compatibilityVersion = "Xcode 9.3";
			developmentRegion = en;
			hasScannedForEncodings = 0;
			knownRegions = (
				en,
				Base,
			);
			mainGroup = 53403B7528901F56003AE836;
			productRefGroup = 53403B7F28901F56003AE836 /* Products */;
			projectDirPath = "";
			projectRoot = "";
			targets = (
				53403B7D28901F56003AE836 /* Training Project */,
			);
		};
/* End PBXProject section */

/* Begin PBXResourcesBuildPhase section */
		53403B7C28901F56003AE836 /* Resources */ = {
			isa = PBXResourcesBuildPhase;
			buildActionMask = 2147483647;
			files = (
				533AD8702897DAB300843547 /* LaunchScreen.storyboard in Resources */,
				533AD8482897D9B100843547 /* StayALive.otf in Resources */,
				539596E12898017B009D0255 /* TabBarStorybord.storyboard in Resources */,
				53E8A44C28929E3D0023C0EC /* bcgrng.jpg in Resources */,
				533AD8672897DA5900843547 /* ThirdScreen.storyboard in Resources */,
				533AD8422897D99A00843547 /* magnifika.otf in Resources */,
				53403B8B28901F59003AE836 /* Assets.xcassets in Resources */,
				533AD84C2897D9D200843547 /* Main.storyboard in Resources */,
				53E413C2289178D600953A5F /* StayALiveAlt1.otf in Resources */,
			);
			runOnlyForDeploymentPostprocessing = 0;
		};
/* End PBXResourcesBuildPhase section */

/* Begin PBXSourcesBuildPhase section */
		53403B7A28901F56003AE836 /* Sources */ = {
			isa = PBXSourcesBuildPhase;
			buildActionMask = 2147483647;
			files = (
				53376B8E289A756A00FB8AF2 /* LabelProtocol.swift in Sources */,
				539596EF28980F92009D0255 /* BlueVC.swift in Sources */,
				539596E728980F19009D0255 /* OrangeVC.swift in Sources */,
				533AD8792897DF0F00843547 /* ViewController.swift in Sources */,
				539596F228981070009D0255 /* GreenVC.swift in Sources */,
				533AD8582897DA1A00843547 /* MySecondViewController.swift in Sources */,
				53403B8228901F56003AE836 /* AppDelegate.swift in Sources */,
				533AD8612897DA4100843547 /* ThirdVC.swift in Sources */,
				53376B94289A7A2600FB8AF2 /* BarsProtocol.swift in Sources */,
				539596EC28980F59009D0255 /* PurpleVC.swift in Sources */,
				533AD8502897D9EE00843547 /* SceneDelegate.swift in Sources */,
			);
			runOnlyForDeploymentPostprocessing = 0;
		};
/* End PBXSourcesBuildPhase section */

/* Begin XCBuildConfiguration section */
		53403B9028901F59003AE836 /* Debug */ = {
			isa = XCBuildConfiguration;
			buildSettings = {
				ALWAYS_SEARCH_USER_PATHS = NO;
				CLANG_ANALYZER_NONNULL = YES;
				CLANG_ANALYZER_NUMBER_OBJECT_CONVERSION = YES_AGGRESSIVE;
				CLANG_CXX_LANGUAGE_STANDARD = "gnu++14";
				CLANG_CXX_LIBRARY = "libc++";
				CLANG_ENABLE_MODULES = YES;
				CLANG_ENABLE_OBJC_ARC = YES;
				CLANG_ENABLE_OBJC_WEAK = YES;
				CLANG_WARN_BLOCK_CAPTURE_AUTORELEASING = YES;
				CLANG_WARN_BOOL_CONVERSION = YES;
				CLANG_WARN_COMMA = YES;
				CLANG_WARN_CONSTANT_CONVERSION = YES;
				CLANG_WARN_DEPRECATED_OBJC_IMPLEMENTATIONS = YES;
				CLANG_WARN_DIRECT_OBJC_ISA_USAGE = YES_ERROR;
				CLANG_WARN_DOCUMENTATION_COMMENTS = YES;
				CLANG_WARN_EMPTY_BODY = YES;
				CLANG_WARN_ENUM_CONVERSION = YES;
				CLANG_WARN_INFINITE_RECURSION = YES;
				CLANG_WARN_INT_CONVERSION = YES;
				CLANG_WARN_NON_LITERAL_NULL_CONVERSION = YES;
				CLANG_WARN_OBJC_IMPLICIT_RETAIN_SELF = YES;
				CLANG_WARN_OBJC_LITERAL_CONVERSION = YES;
				CLANG_WARN_OBJC_ROOT_CLASS = YES_ERROR;
				CLANG_WARN_QUOTED_INCLUDE_IN_FRAMEWORK_HEADER = YES;
				CLANG_WARN_RANGE_LOOP_ANALYSIS = YES;
				CLANG_WARN_STRICT_PROTOTYPES = YES;
				CLANG_WARN_SUSPICIOUS_MOVE = YES;
				CLANG_WARN_UNGUARDED_AVAILABILITY = YES_AGGRESSIVE;
				CLANG_WARN_UNREACHABLE_CODE = YES;
				CLANG_WARN__DUPLICATE_METHOD_MATCH = YES;
				COPY_PHASE_STRIP = NO;
				DEBUG_INFORMATION_FORMAT = dwarf;
				ENABLE_STRICT_OBJC_MSGSEND = YES;
				ENABLE_TESTABILITY = YES;
				GCC_C_LANGUAGE_STANDARD = gnu11;
				GCC_DYNAMIC_NO_PIC = NO;
				GCC_NO_COMMON_BLOCKS = YES;
				GCC_OPTIMIZATION_LEVEL = 0;
				GCC_PREPROCESSOR_DEFINITIONS = (
					"DEBUG=1",
					"$(inherited)",
				);
				GCC_WARN_64_TO_32_BIT_CONVERSION = YES;
				GCC_WARN_ABOUT_RETURN_TYPE = YES_ERROR;
				GCC_WARN_UNDECLARED_SELECTOR = YES;
				GCC_WARN_UNINITIALIZED_AUTOS = YES_AGGRESSIVE;
				GCC_WARN_UNUSED_FUNCTION = YES;
				GCC_WARN_UNUSED_VARIABLE = YES;
				IPHONEOS_DEPLOYMENT_TARGET = 14.4;
				MTL_ENABLE_DEBUG_INFO = INCLUDE_SOURCE;
				MTL_FAST_MATH = YES;
				ONLY_ACTIVE_ARCH = YES;
				SDKROOT = iphoneos;
				SWIFT_ACTIVE_COMPILATION_CONDITIONS = DEBUG;
				SWIFT_OPTIMIZATION_LEVEL = "-Onone";
			};
			name = Debug;
		};
		53403B9128901F59003AE836 /* Release */ = {
			isa = XCBuildConfiguration;
			buildSettings = {
				ALWAYS_SEARCH_USER_PATHS = NO;
				CLANG_ANALYZER_NONNULL = YES;
				CLANG_ANALYZER_NUMBER_OBJECT_CONVERSION = YES_AGGRESSIVE;
				CLANG_CXX_LANGUAGE_STANDARD = "gnu++14";
				CLANG_CXX_LIBRARY = "libc++";
				CLANG_ENABLE_MODULES = YES;
				CLANG_ENABLE_OBJC_ARC = YES;
				CLANG_ENABLE_OBJC_WEAK = YES;
				CLANG_WARN_BLOCK_CAPTURE_AUTORELEASING = YES;
				CLANG_WARN_BOOL_CONVERSION = YES;
				CLANG_WARN_COMMA = YES;
				CLANG_WARN_CONSTANT_CONVERSION = YES;
				CLANG_WARN_DEPRECATED_OBJC_IMPLEMENTATIONS = YES;
				CLANG_WARN_DIRECT_OBJC_ISA_USAGE = YES_ERROR;
				CLANG_WARN_DOCUMENTATION_COMMENTS = YES;
				CLANG_WARN_EMPTY_BODY = YES;
				CLANG_WARN_ENUM_CONVERSION = YES;
				CLANG_WARN_INFINITE_RECURSION = YES;
				CLANG_WARN_INT_CONVERSION = YES;
				CLANG_WARN_NON_LITERAL_NULL_CONVERSION = YES;
				CLANG_WARN_OBJC_IMPLICIT_RETAIN_SELF = YES;
				CLANG_WARN_OBJC_LITERAL_CONVERSION = YES;
				CLANG_WARN_OBJC_ROOT_CLASS = YES_ERROR;
				CLANG_WARN_QUOTED_INCLUDE_IN_FRAMEWORK_HEADER = YES;
				CLANG_WARN_RANGE_LOOP_ANALYSIS = YES;
				CLANG_WARN_STRICT_PROTOTYPES = YES;
				CLANG_WARN_SUSPICIOUS_MOVE = YES;
				CLANG_WARN_UNGUARDED_AVAILABILITY = YES_AGGRESSIVE;
				CLANG_WARN_UNREACHABLE_CODE = YES;
				CLANG_WARN__DUPLICATE_METHOD_MATCH = YES;
				COPY_PHASE_STRIP = NO;
				DEBUG_INFORMATION_FORMAT = "dwarf-with-dsym";
				ENABLE_NS_ASSERTIONS = NO;
				ENABLE_STRICT_OBJC_MSGSEND = YES;
				GCC_C_LANGUAGE_STANDARD = gnu11;
				GCC_NO_COMMON_BLOCKS = YES;
				GCC_WARN_64_TO_32_BIT_CONVERSION = YES;
				GCC_WARN_ABOUT_RETURN_TYPE = YES_ERROR;
				GCC_WARN_UNDECLARED_SELECTOR = YES;
				GCC_WARN_UNINITIALIZED_AUTOS = YES_AGGRESSIVE;
				GCC_WARN_UNUSED_FUNCTION = YES;
				GCC_WARN_UNUSED_VARIABLE = YES;
				IPHONEOS_DEPLOYMENT_TARGET = 14.4;
				MTL_ENABLE_DEBUG_INFO = NO;
				MTL_FAST_MATH = YES;
				SDKROOT = iphoneos;
				SWIFT_COMPILATION_MODE = wholemodule;
				SWIFT_OPTIMIZATION_LEVEL = "-O";
				VALIDATE_PRODUCT = YES;
			};
			name = Release;
		};
		53403B9328901F59003AE836 /* Debug */ = {
			isa = XCBuildConfiguration;
			buildSettings = {
				ASSETCATALOG_COMPILER_APPICON_NAME = AppIcon;
				ASSETCATALOG_COMPILER_GLOBAL_ACCENT_COLOR_NAME = AccentColor;
				CODE_SIGN_STYLE = Automatic;
				INFOPLIST_FILE = "Training Project/Info.plist";
				LD_RUNPATH_SEARCH_PATHS = (
					"$(inherited)",
					"@executable_path/Frameworks",
				);
				PRODUCT_BUNDLE_IDENTIFIER = "com.vironit.Kohan.Training-Project";
				PRODUCT_NAME = "$(TARGET_NAME)";
				SWIFT_VERSION = 5.0;
				TARGETED_DEVICE_FAMILY = "1,2";
			};
			name = Debug;
		};
		53403B9428901F59003AE836 /* Release */ = {
			isa = XCBuildConfiguration;
			buildSettings = {
				ASSETCATALOG_COMPILER_APPICON_NAME = AppIcon;
				ASSETCATALOG_COMPILER_GLOBAL_ACCENT_COLOR_NAME = AccentColor;
				CODE_SIGN_STYLE = Automatic;
				INFOPLIST_FILE = "Training Project/Info.plist";
				LD_RUNPATH_SEARCH_PATHS = (
					"$(inherited)",
					"@executable_path/Frameworks",
				);
				PRODUCT_BUNDLE_IDENTIFIER = "com.vironit.Kohan.Training-Project";
				PRODUCT_NAME = "$(TARGET_NAME)";
				SWIFT_VERSION = 5.0;
				TARGETED_DEVICE_FAMILY = "1,2";
			};
			name = Release;
		};
/* End XCBuildConfiguration section */

/* Begin XCConfigurationList section */
		53403B7928901F56003AE836 /* Build configuration list for PBXProject "Training Project" */ = {
			isa = XCConfigurationList;
			buildConfigurations = (
				53403B9028901F59003AE836 /* Debug */,
				53403B9128901F59003AE836 /* Release */,
			);
			defaultConfigurationIsVisible = 0;
			defaultConfigurationName = Release;
		};
		53403B9228901F59003AE836 /* Build configuration list for PBXNativeTarget "Training Project" */ = {
			isa = XCConfigurationList;
			buildConfigurations = (
				53403B9328901F59003AE836 /* Debug */,
				53403B9428901F59003AE836 /* Release */,
			);
			defaultConfigurationIsVisible = 0;
			defaultConfigurationName = Release;
		};
/* End XCConfigurationList section */
	};
	rootObject = 53403B7628901F56003AE836 /* Project object */;
}
